
Microsoft Visual Studio Solution File, Format Version 12.00
# Visual Studio Version 17
VisualStudioVersion = 17.1.32421.90
MinimumVisualStudioVersion = 10.0.40219.1
Project("{FAE04EC0-301F-11D3-BF4B-00C04F79EFBC}") = "Exercicios", "Exercicios\Exercicios.csproj", "{EE8D67A5-89E1-43FC-BF83-D849C230AA87}"
EndProject
Global
	GlobalSection(SolutionConfigurationPlatforms) = preSolution
		Debug|Any CPU = Debug|Any CPU
		Release|Any CPU = Release|Any CPU
	EndGlobalSection
	GlobalSection(ProjectConfigurationPlatforms) = postSolution
		{EE8D67A5-89E1-43FC-BF83-D849C230AA87}.Debug|Any CPU.ActiveCfg = Debug|Any CPU
		{EE8D67A5-89E1-43FC-BF83-D849C230AA87}.Debug|Any CPU.Build.0 = Debug|Any CPU
		{EE8D67A5-89E1-43FC-BF83-D849C230AA87}.Release|Any CPU.ActiveCfg = Release|Any CPU
		{EE8D67A5-89E1-43FC-BF83-D849C230AA87}.Release|Any CPU.Build.0 = Release|Any CPU
	EndGlobalSection
	GlobalSection(SolutionProperties) = preSolution
		HideSolutionNode = FALSE
	EndGlobalSection
	GlobalSection(ExtensibilityGlobals) = postSolution
		SolutionGuid = {D9B4F719-EF5A-4152-BDC7-83783FD429E6}
	EndGlobalSection
EndGlobal
